// !$*UTF8*$!
{
	archiveVersion = 1;
	classes = {
	};
	objectVersion = 55;
	objects = {

/* Begin PBXBuildFile section */
		2058A48BF3AAFC810FEA79B7 /* Pods_SearchLibraryAppTests.framework in Frameworks */ = {isa = PBXBuildFile; fileRef = CE4F60BC37D90C5E8F6E793E /* Pods_SearchLibraryAppTests.framework */; };
		48FCF14A5343816B48BBD165 /* Pods_SearchLibraryApp_SearchLibraryAppUITests.framework in Frameworks */ = {isa = PBXBuildFile; fileRef = 5F5C3D9D75412FCEEC22D10F /* Pods_SearchLibraryApp_SearchLibraryAppUITests.framework */; };
		6821D0A82843B08700ADE0D0 /* IsbnRouter.swift in Sources */ = {isa = PBXBuildFile; fileRef = 6821D0A72843B08700ADE0D0 /* IsbnRouter.swift */; };
		68890499284B9F3900B1531F /* Database.swift in Sources */ = {isa = PBXBuildFile; fileRef = 68890498284B9F3900B1531F /* Database.swift */; };
		6889049B284E585100B1531F /* SettingPresenter.swift in Sources */ = {isa = PBXBuildFile; fileRef = 6889049A284E585100B1531F /* SettingPresenter.swift */; };
		689E6B55282FC1B600F1114A /* HomePresenter.swift in Sources */ = {isa = PBXBuildFile; fileRef = 689E6B54282FC1B600F1114A /* HomePresenter.swift */; };
		689E6B57282FC50300F1114A /* CartPresenter.swift in Sources */ = {isa = PBXBuildFile; fileRef = 689E6B56282FC50300F1114A /* CartPresenter.swift */; };
		689E6B59282FC56900F1114A /* CartModel.swift in Sources */ = {isa = PBXBuildFile; fileRef = 689E6B58282FC56900F1114A /* CartModel.swift */; };
		68BE4F762837CBAA0072CAC8 /* EasySearchPresenter.swift in Sources */ = {isa = PBXBuildFile; fileRef = 68BE4F752837CBAA0072CAC8 /* EasySearchPresenter.swift */; };
		68BE4F782837CF460072CAC8 /* EasySearchModel.swift in Sources */ = {isa = PBXBuildFile; fileRef = 68BE4F772837CF460072CAC8 /* EasySearchModel.swift */; };
		68BE4F7A2839F9E90072CAC8 /* SelectPresenter.swift in Sources */ = {isa = PBXBuildFile; fileRef = 68BE4F792839F9E80072CAC8 /* SelectPresenter.swift */; };
		68BE4F7C2839F9FC0072CAC8 /* SelectBookModel.swift in Sources */ = {isa = PBXBuildFile; fileRef = 68BE4F7B2839F9FC0072CAC8 /* SelectBookModel.swift */; };
		68BE4F7F283A338A0072CAC8 /* SettingTableView.swift in Sources */ = {isa = PBXBuildFile; fileRef = 68BE4F7E283A338A0072CAC8 /* SettingTableView.swift */; };
		68BE4F81283A404F0072CAC8 /* SettingDetailViewContorller.swift in Sources */ = {isa = PBXBuildFile; fileRef = 68BE4F80283A404F0072CAC8 /* SettingDetailViewContorller.swift */; };
		68BE4F83283A495B0072CAC8 /* SettingDetailView.swift in Sources */ = {isa = PBXBuildFile; fileRef = 68BE4F82283A495B0072CAC8 /* SettingDetailView.swift */; };
		68BE4F85283A4F800072CAC8 /* BaseSwitch.swift in Sources */ = {isa = PBXBuildFile; fileRef = 68BE4F84283A4F800072CAC8 /* BaseSwitch.swift */; };
		68BE4F87283A4F8F0072CAC8 /* BaseLabel.swift in Sources */ = {isa = PBXBuildFile; fileRef = 68BE4F86283A4F8F0072CAC8 /* BaseLabel.swift */; };
		68D1C35B2816F6400046D298 /* AppDelegate.swift in Sources */ = {isa = PBXBuildFile; fileRef = 68D1C35A2816F6400046D298 /* AppDelegate.swift */; };
		68D1C35D2816F6400046D298 /* SceneDelegate.swift in Sources */ = {isa = PBXBuildFile; fileRef = 68D1C35C2816F6400046D298 /* SceneDelegate.swift */; };
		68D1C35F2816F6400046D298 /* IsbnViewController.swift in Sources */ = {isa = PBXBuildFile; fileRef = 68D1C35E2816F6400046D298 /* IsbnViewController.swift */; };
		68D1C3622816F6400046D298 /* Main.storyboard in Resources */ = {isa = PBXBuildFile; fileRef = 68D1C3602816F6400046D298 /* Main.storyboard */; };
		68D1C3652816F6400046D298 /* SearchLibraryApp.xcdatamodeld in Sources */ = {isa = PBXBuildFile; fileRef = 68D1C3632816F6400046D298 /* SearchLibraryApp.xcdatamodeld */; };
		68D1C3672816F6420046D298 /* Assets.xcassets in Resources */ = {isa = PBXBuildFile; fileRef = 68D1C3662816F6420046D298 /* Assets.xcassets */; };
		68D1C36A2816F6420046D298 /* LaunchScreen.storyboard in Resources */ = {isa = PBXBuildFile; fileRef = 68D1C3682816F6420046D298 /* LaunchScreen.storyboard */; };
		68D1C3752816F6420046D298 /* SearchLibraryAppTests.swift in Sources */ = {isa = PBXBuildFile; fileRef = 68D1C3742816F6420046D298 /* SearchLibraryAppTests.swift */; };
		68D1C37F2816F6420046D298 /* SearchLibraryAppUITests.swift in Sources */ = {isa = PBXBuildFile; fileRef = 68D1C37E2816F6420046D298 /* SearchLibraryAppUITests.swift */; };
		68D1C3812816F6420046D298 /* SearchLibraryAppUITestsLaunchTests.swift in Sources */ = {isa = PBXBuildFile; fileRef = 68D1C3802816F6420046D298 /* SearchLibraryAppUITestsLaunchTests.swift */; };
		68D1C38E2817A4EE0046D298 /* HomeModel.swift in Sources */ = {isa = PBXBuildFile; fileRef = 68D1C38D2817A4EE0046D298 /* HomeModel.swift */; };
		68D1C3902817AFA70046D298 /* IsbnData.swift in Sources */ = {isa = PBXBuildFile; fileRef = 68D1C38F2817AFA70046D298 /* IsbnData.swift */; };
		68D1C3922817E86C0046D298 /* HomeViewController.swift in Sources */ = {isa = PBXBuildFile; fileRef = 68D1C3912817E86C0046D298 /* HomeViewController.swift */; };
		68D1C394281805660046D298 /* SearchViewController.swift in Sources */ = {isa = PBXBuildFile; fileRef = 68D1C393281805660046D298 /* SearchViewController.swift */; };
		68D1C396281852560046D298 /* LibrarySpotViewController.swift in Sources */ = {isa = PBXBuildFile; fileRef = 68D1C395281852560046D298 /* LibrarySpotViewController.swift */; };
		68D1C3982818ED0E0046D298 /* LocationData.swift in Sources */ = {isa = PBXBuildFile; fileRef = 68D1C3972818ED0E0046D298 /* LocationData.swift */; };
		68D1C39A281970420046D298 /* BarcodeViewController.swift in Sources */ = {isa = PBXBuildFile; fileRef = 68D1C399281970420046D298 /* BarcodeViewController.swift */; };
		68D1C39D2819A3380046D298 /* EasySearchViewController.swift in Sources */ = {isa = PBXBuildFile; fileRef = 68D1C39C2819A3380046D298 /* EasySearchViewController.swift */; };
		68D1C39F281A336E0046D298 /* BookData.swift in Sources */ = {isa = PBXBuildFile; fileRef = 68D1C39E281A336E0046D298 /* BookData.swift */; };
		68D1C3A1281A66980046D298 /* SelectBookViewController.swift in Sources */ = {isa = PBXBuildFile; fileRef = 68D1C3A0281A66980046D298 /* SelectBookViewController.swift */; };
		68D1C3A3281AD8FE0046D298 /* CartViewController.swift in Sources */ = {isa = PBXBuildFile; fileRef = 68D1C3A2281AD8FE0046D298 /* CartViewController.swift */; };
		68D1C3AA281AEA4C0046D298 /* ApiKey.swift in Sources */ = {isa = PBXBuildFile; fileRef = 68D1C3A9281AEA4C0046D298 /* ApiKey.swift */; };
		68D1C3AD281C2F910046D298 /* TableViewCell.swift in Sources */ = {isa = PBXBuildFile; fileRef = 68D1C3AB281C2F910046D298 /* TableViewCell.swift */; };
		68D1C3AE281C2F910046D298 /* TableViewCell.xib in Resources */ = {isa = PBXBuildFile; fileRef = 68D1C3AC281C2F910046D298 /* TableViewCell.xib */; };
		68D1C3B0281C7B460046D298 /* SearchBookViewController.swift in Sources */ = {isa = PBXBuildFile; fileRef = 68D1C3AF281C7B460046D298 /* SearchBookViewController.swift */; };
		68D1C3B2281CDCE90046D298 /* SettingViewController.swift in Sources */ = {isa = PBXBuildFile; fileRef = 68D1C3B1281CDCE90046D298 /* SettingViewController.swift */; };
		68D1C3B5281DA4620046D298 /* BookTableViewCell.swift in Sources */ = {isa = PBXBuildFile; fileRef = 68D1C3B3281DA4620046D298 /* BookTableViewCell.swift */; };
		68D1C3B6281DA4620046D298 /* BookTableViewCell.xib in Resources */ = {isa = PBXBuildFile; fileRef = 68D1C3B4281DA4620046D298 /* BookTableViewCell.xib */; };
		68D1C3B8281EDE760046D298 /* Extension.swift in Sources */ = {isa = PBXBuildFile; fileRef = 68D1C3B7281EDE760046D298 /* Extension.swift */; };
		68D1C3BA281EF5F20046D298 /* WebViewController.swift in Sources */ = {isa = PBXBuildFile; fileRef = 68D1C3B9281EF5F20046D298 /* WebViewController.swift */; };
		68D1C3BC281F19110046D298 /* MapViewController.swift in Sources */ = {isa = PBXBuildFile; fileRef = 68D1C3BB281F19110046D298 /* MapViewController.swift */; };
		68EBD324283479E600CC53D5 /* IsbnPresenter.swift in Sources */ = {isa = PBXBuildFile; fileRef = 68EBD323283479E600CC53D5 /* IsbnPresenter.swift */; };
		68F4C5C12821A86D00A68865 /* SettingTableViewCell.swift in Sources */ = {isa = PBXBuildFile; fileRef = 68F4C5BF2821A86D00A68865 /* SettingTableViewCell.swift */; };
		68F4C5C22821A86D00A68865 /* SettingTableViewCell.xib in Resources */ = {isa = PBXBuildFile; fileRef = 68F4C5C02821A86D00A68865 /* SettingTableViewCell.xib */; };
		68F4C5C42824609000A68865 /* IsbnModel.swift in Sources */ = {isa = PBXBuildFile; fileRef = 68F4C5C32824609000A68865 /* IsbnModel.swift */; };
		68F886E92854D5470026E3A6 /* Order.swift in Sources */ = {isa = PBXBuildFile; fileRef = 68F886E82854D5470026E3A6 /* Order.swift */; };
		68F886EB285789230026E3A6 /* ChatViewController.swift in Sources */ = {isa = PBXBuildFile; fileRef = 68F886EA285789230026E3A6 /* ChatViewController.swift */; };
		68F886ED285B8E880026E3A6 /* ChatRoomViewController.swift in Sources */ = {isa = PBXBuildFile; fileRef = 68F886EC285B8E880026E3A6 /* ChatRoomViewController.swift */; };
		68F886F1285E06630026E3A6 /* Type.swift in Sources */ = {isa = PBXBuildFile; fileRef = 68F886F0285E06630026E3A6 /* Type.swift */; };
		68F886F3285EC9110026E3A6 /* GoogleService-Info.plist in Resources */ = {isa = PBXBuildFile; fileRef = 68F886F2285EC9110026E3A6 /* GoogleService-Info.plist */; };
		68F886F5285EE56F0026E3A6 /* LoginViewController.swift in Sources */ = {isa = PBXBuildFile; fileRef = 68F886F4285EE56F0026E3A6 /* LoginViewController.swift */; };
		68F886F7285F58650026E3A6 /* SignUpViewController.swift in Sources */ = {isa = PBXBuildFile; fileRef = 68F886F6285F58650026E3A6 /* SignUpViewController.swift */; };
		E3A961AF2651BED781813D27 /* Pods_SearchLibraryApp.framework in Frameworks */ = {isa = PBXBuildFile; fileRef = B0565720ED267F318FB410A1 /* Pods_SearchLibraryApp.framework */; };
/* End PBXBuildFile section */

/* Begin PBXContainerItemProxy section */
		68D1C3712816F6420046D298 /* PBXContainerItemProxy */ = {
			isa = PBXContainerItemProxy;
			containerPortal = 68D1C34F2816F6400046D298 /* Project object */;
			proxyType = 1;
			remoteGlobalIDString = 68D1C3562816F6400046D298;
			remoteInfo = SearchLibraryApp;
		};
		68D1C37B2816F6420046D298 /* PBXContainerItemProxy */ = {
			isa = PBXContainerItemProxy;
			containerPortal = 68D1C34F2816F6400046D298 /* Project object */;
			proxyType = 1;
			remoteGlobalIDString = 68D1C3562816F6400046D298;
			remoteInfo = SearchLibraryApp;
		};
/* End PBXContainerItemProxy section */

/* Begin PBXFileReference section */
		21906A1298606DBB25552CF9 /* Pods-SearchLibraryApp.debug.xcconfig */ = {isa = PBXFileReference; includeInIndex = 1; lastKnownFileType = text.xcconfig; name = "Pods-SearchLibraryApp.debug.xcconfig"; path = "Target Support Files/Pods-SearchLibraryApp/Pods-SearchLibraryApp.debug.xcconfig"; sourceTree = "<group>"; };
		4A6057DC79FAF1C00C2AC8FD /* Pods-SearchLibraryAppTests.release.xcconfig */ = {isa = PBXFileReference; includeInIndex = 1; lastKnownFileType = text.xcconfig; name = "Pods-SearchLibraryAppTests.release.xcconfig"; path = "Target Support Files/Pods-SearchLibraryAppTests/Pods-SearchLibraryAppTests.release.xcconfig"; sourceTree = "<group>"; };
		5F5C3D9D75412FCEEC22D10F /* Pods_SearchLibraryApp_SearchLibraryAppUITests.framework */ = {isa = PBXFileReference; explicitFileType = wrapper.framework; includeInIndex = 0; path = Pods_SearchLibraryApp_SearchLibraryAppUITests.framework; sourceTree = BUILT_PRODUCTS_DIR; };
		6821D0A72843B08700ADE0D0 /* IsbnRouter.swift */ = {isa = PBXFileReference; lastKnownFileType = sourcecode.swift; path = IsbnRouter.swift; sourceTree = "<group>"; };
		68890498284B9F3900B1531F /* Database.swift */ = {isa = PBXFileReference; lastKnownFileType = sourcecode.swift; path = Database.swift; sourceTree = "<group>"; };
		6889049A284E585100B1531F /* SettingPresenter.swift */ = {isa = PBXFileReference; lastKnownFileType = sourcecode.swift; path = SettingPresenter.swift; sourceTree = "<group>"; };
		689E6B54282FC1B600F1114A /* HomePresenter.swift */ = {isa = PBXFileReference; lastKnownFileType = sourcecode.swift; path = HomePresenter.swift; sourceTree = "<group>"; };
		689E6B56282FC50300F1114A /* CartPresenter.swift */ = {isa = PBXFileReference; lastKnownFileType = sourcecode.swift; path = CartPresenter.swift; sourceTree = "<group>"; };
		689E6B58282FC56900F1114A /* CartModel.swift */ = {isa = PBXFileReference; lastKnownFileType = sourcecode.swift; path = CartModel.swift; sourceTree = "<group>"; };
		68BE4F752837CBAA0072CAC8 /* EasySearchPresenter.swift */ = {isa = PBXFileReference; lastKnownFileType = sourcecode.swift; path = EasySearchPresenter.swift; sourceTree = "<group>"; };
		68BE4F772837CF460072CAC8 /* EasySearchModel.swift */ = {isa = PBXFileReference; lastKnownFileType = sourcecode.swift; path = EasySearchModel.swift; sourceTree = "<group>"; };
		68BE4F792839F9E80072CAC8 /* SelectPresenter.swift */ = {isa = PBXFileReference; lastKnownFileType = sourcecode.swift; path = SelectPresenter.swift; sourceTree = "<group>"; };
		68BE4F7B2839F9FC0072CAC8 /* SelectBookModel.swift */ = {isa = PBXFileReference; lastKnownFileType = sourcecode.swift; path = SelectBookModel.swift; sourceTree = "<group>"; };
		68BE4F7E283A338A0072CAC8 /* SettingTableView.swift */ = {isa = PBXFileReference; lastKnownFileType = sourcecode.swift; path = SettingTableView.swift; sourceTree = "<group>"; };
		68BE4F80283A404F0072CAC8 /* SettingDetailViewContorller.swift */ = {isa = PBXFileReference; lastKnownFileType = sourcecode.swift; path = SettingDetailViewContorller.swift; sourceTree = "<group>"; };
		68BE4F82283A495B0072CAC8 /* SettingDetailView.swift */ = {isa = PBXFileReference; lastKnownFileType = sourcecode.swift; path = SettingDetailView.swift; sourceTree = "<group>"; };
		68BE4F84283A4F800072CAC8 /* BaseSwitch.swift */ = {isa = PBXFileReference; lastKnownFileType = sourcecode.swift; path = BaseSwitch.swift; sourceTree = "<group>"; };
		68BE4F86283A4F8F0072CAC8 /* BaseLabel.swift */ = {isa = PBXFileReference; lastKnownFileType = sourcecode.swift; path = BaseLabel.swift; sourceTree = "<group>"; };
		68D1C3572816F6400046D298 /* SearchLibraryApp.app */ = {isa = PBXFileReference; explicitFileType = wrapper.application; includeInIndex = 0; path = SearchLibraryApp.app; sourceTree = BUILT_PRODUCTS_DIR; };
		68D1C35A2816F6400046D298 /* AppDelegate.swift */ = {isa = PBXFileReference; lastKnownFileType = sourcecode.swift; path = AppDelegate.swift; sourceTree = "<group>"; };
		68D1C35C2816F6400046D298 /* SceneDelegate.swift */ = {isa = PBXFileReference; lastKnownFileType = sourcecode.swift; path = SceneDelegate.swift; sourceTree = "<group>"; };
		68D1C35E2816F6400046D298 /* IsbnViewController.swift */ = {isa = PBXFileReference; lastKnownFileType = sourcecode.swift; path = IsbnViewController.swift; sourceTree = "<group>"; };
		68D1C3612816F6400046D298 /* Base */ = {isa = PBXFileReference; lastKnownFileType = file.storyboard; name = Base; path = Base.lproj/Main.storyboard; sourceTree = "<group>"; };
		68D1C3642816F6400046D298 /* SearchLibraryApp.xcdatamodel */ = {isa = PBXFileReference; lastKnownFileType = wrapper.xcdatamodel; path = SearchLibraryApp.xcdatamodel; sourceTree = "<group>"; };
		68D1C3662816F6420046D298 /* Assets.xcassets */ = {isa = PBXFileReference; lastKnownFileType = folder.assetcatalog; path = Assets.xcassets; sourceTree = "<group>"; };
		68D1C3692816F6420046D298 /* Base */ = {isa = PBXFileReference; lastKnownFileType = file.storyboard; name = Base; path = Base.lproj/LaunchScreen.storyboard; sourceTree = "<group>"; };
		68D1C36B2816F6420046D298 /* Info.plist */ = {isa = PBXFileReference; lastKnownFileType = text.plist.xml; path = Info.plist; sourceTree = "<group>"; };
		68D1C3702816F6420046D298 /* SearchLibraryAppTests.xctest */ = {isa = PBXFileReference; explicitFileType = wrapper.cfbundle; includeInIndex = 0; path = SearchLibraryAppTests.xctest; sourceTree = BUILT_PRODUCTS_DIR; };
		68D1C3742816F6420046D298 /* SearchLibraryAppTests.swift */ = {isa = PBXFileReference; lastKnownFileType = sourcecode.swift; path = SearchLibraryAppTests.swift; sourceTree = "<group>"; };
		68D1C37A2816F6420046D298 /* SearchLibraryAppUITests.xctest */ = {isa = PBXFileReference; explicitFileType = wrapper.cfbundle; includeInIndex = 0; path = SearchLibraryAppUITests.xctest; sourceTree = BUILT_PRODUCTS_DIR; };
		68D1C37E2816F6420046D298 /* SearchLibraryAppUITests.swift */ = {isa = PBXFileReference; lastKnownFileType = sourcecode.swift; path = SearchLibraryAppUITests.swift; sourceTree = "<group>"; };
		68D1C3802816F6420046D298 /* SearchLibraryAppUITestsLaunchTests.swift */ = {isa = PBXFileReference; lastKnownFileType = sourcecode.swift; path = SearchLibraryAppUITestsLaunchTests.swift; sourceTree = "<group>"; };
		68D1C38D2817A4EE0046D298 /* HomeModel.swift */ = {isa = PBXFileReference; lastKnownFileType = sourcecode.swift; path = HomeModel.swift; sourceTree = "<group>"; };
		68D1C38F2817AFA70046D298 /* IsbnData.swift */ = {isa = PBXFileReference; lastKnownFileType = sourcecode.swift; path = IsbnData.swift; sourceTree = "<group>"; };
		68D1C3912817E86C0046D298 /* HomeViewController.swift */ = {isa = PBXFileReference; lastKnownFileType = sourcecode.swift; path = HomeViewController.swift; sourceTree = "<group>"; };
		68D1C393281805660046D298 /* SearchViewController.swift */ = {isa = PBXFileReference; lastKnownFileType = sourcecode.swift; path = SearchViewController.swift; sourceTree = "<group>"; };
		68D1C395281852560046D298 /* LibrarySpotViewController.swift */ = {isa = PBXFileReference; lastKnownFileType = sourcecode.swift; path = LibrarySpotViewController.swift; sourceTree = "<group>"; };
		68D1C3972818ED0E0046D298 /* LocationData.swift */ = {isa = PBXFileReference; lastKnownFileType = sourcecode.swift; path = LocationData.swift; sourceTree = "<group>"; };
		68D1C399281970420046D298 /* BarcodeViewController.swift */ = {isa = PBXFileReference; lastKnownFileType = sourcecode.swift; path = BarcodeViewController.swift; sourceTree = "<group>"; };
		68D1C39C2819A3380046D298 /* EasySearchViewController.swift */ = {isa = PBXFileReference; lastKnownFileType = sourcecode.swift; path = EasySearchViewController.swift; sourceTree = "<group>"; };
		68D1C39E281A336E0046D298 /* BookData.swift */ = {isa = PBXFileReference; lastKnownFileType = sourcecode.swift; path = BookData.swift; sourceTree = "<group>"; };
		68D1C3A0281A66980046D298 /* SelectBookViewController.swift */ = {isa = PBXFileReference; lastKnownFileType = sourcecode.swift; path = SelectBookViewController.swift; sourceTree = "<group>"; };
		68D1C3A2281AD8FE0046D298 /* CartViewController.swift */ = {isa = PBXFileReference; lastKnownFileType = sourcecode.swift; path = CartViewController.swift; sourceTree = "<group>"; };
		68D1C3A9281AEA4C0046D298 /* ApiKey.swift */ = {isa = PBXFileReference; lastKnownFileType = sourcecode.swift; path = ApiKey.swift; sourceTree = "<group>"; };
		68D1C3AB281C2F910046D298 /* TableViewCell.swift */ = {isa = PBXFileReference; lastKnownFileType = sourcecode.swift; path = TableViewCell.swift; sourceTree = "<group>"; };
		68D1C3AC281C2F910046D298 /* TableViewCell.xib */ = {isa = PBXFileReference; lastKnownFileType = file.xib; path = TableViewCell.xib; sourceTree = "<group>"; };
		68D1C3AF281C7B460046D298 /* SearchBookViewController.swift */ = {isa = PBXFileReference; lastKnownFileType = sourcecode.swift; path = SearchBookViewController.swift; sourceTree = "<group>"; };
		68D1C3B1281CDCE90046D298 /* SettingViewController.swift */ = {isa = PBXFileReference; lastKnownFileType = sourcecode.swift; path = SettingViewController.swift; sourceTree = "<group>"; };
		68D1C3B3281DA4620046D298 /* BookTableViewCell.swift */ = {isa = PBXFileReference; lastKnownFileType = sourcecode.swift; path = BookTableViewCell.swift; sourceTree = "<group>"; };
		68D1C3B4281DA4620046D298 /* BookTableViewCell.xib */ = {isa = PBXFileReference; lastKnownFileType = file.xib; path = BookTableViewCell.xib; sourceTree = "<group>"; };
		68D1C3B7281EDE760046D298 /* Extension.swift */ = {isa = PBXFileReference; lastKnownFileType = sourcecode.swift; path = Extension.swift; sourceTree = "<group>"; };
		68D1C3B9281EF5F20046D298 /* WebViewController.swift */ = {isa = PBXFileReference; lastKnownFileType = sourcecode.swift; path = WebViewController.swift; sourceTree = "<group>"; };
		68D1C3BB281F19110046D298 /* MapViewController.swift */ = {isa = PBXFileReference; lastKnownFileType = sourcecode.swift; path = MapViewController.swift; sourceTree = "<group>"; };
		68EBD323283479E600CC53D5 /* IsbnPresenter.swift */ = {isa = PBXFileReference; lastKnownFileType = sourcecode.swift; path = IsbnPresenter.swift; sourceTree = "<group>"; };
		68F4C5BF2821A86D00A68865 /* SettingTableViewCell.swift */ = {isa = PBXFileReference; lastKnownFileType = sourcecode.swift; path = SettingTableViewCell.swift; sourceTree = "<group>"; };
		68F4C5C02821A86D00A68865 /* SettingTableViewCell.xib */ = {isa = PBXFileReference; lastKnownFileType = file.xib; path = SettingTableViewCell.xib; sourceTree = "<group>"; };
		68F4C5C32824609000A68865 /* IsbnModel.swift */ = {isa = PBXFileReference; lastKnownFileType = sourcecode.swift; path = IsbnModel.swift; sourceTree = "<group>"; };
		68F886E82854D5470026E3A6 /* Order.swift */ = {isa = PBXFileReference; lastKnownFileType = sourcecode.swift; path = Order.swift; sourceTree = "<group>"; };
		68F886EA285789230026E3A6 /* ChatViewController.swift */ = {isa = PBXFileReference; lastKnownFileType = sourcecode.swift; path = ChatViewController.swift; sourceTree = "<group>"; };
		68F886EC285B8E880026E3A6 /* ChatRoomViewController.swift */ = {isa = PBXFileReference; lastKnownFileType = sourcecode.swift; path = ChatRoomViewController.swift; sourceTree = "<group>"; };
		68F886F0285E06630026E3A6 /* Type.swift */ = {isa = PBXFileReference; lastKnownFileType = sourcecode.swift; path = Type.swift; sourceTree = "<group>"; };
		68F886F2285EC9110026E3A6 /* GoogleService-Info.plist */ = {isa = PBXFileReference; fileEncoding = 4; lastKnownFileType = text.plist.xml; name = "GoogleService-Info.plist"; path = "../../../Downloads/GoogleService-Info.plist"; sourceTree = "<group>"; };
		68F886F4285EE56F0026E3A6 /* LoginViewController.swift */ = {isa = PBXFileReference; lastKnownFileType = sourcecode.swift; path = LoginViewController.swift; sourceTree = "<group>"; };
		68F886F6285F58650026E3A6 /* SignUpViewController.swift */ = {isa = PBXFileReference; lastKnownFileType = sourcecode.swift; path = SignUpViewController.swift; sourceTree = "<group>"; };
		8577D4AA9B380B32548B4261 /* Pods-SearchLibraryApp-SearchLibraryAppUITests.debug.xcconfig */ = {isa = PBXFileReference; includeInIndex = 1; lastKnownFileType = text.xcconfig; name = "Pods-SearchLibraryApp-SearchLibraryAppUITests.debug.xcconfig"; path = "Target Support Files/Pods-SearchLibraryApp-SearchLibraryAppUITests/Pods-SearchLibraryApp-SearchLibraryAppUITests.debug.xcconfig"; sourceTree = "<group>"; };
		B0565720ED267F318FB410A1 /* Pods_SearchLibraryApp.framework */ = {isa = PBXFileReference; explicitFileType = wrapper.framework; includeInIndex = 0; path = Pods_SearchLibraryApp.framework; sourceTree = BUILT_PRODUCTS_DIR; };
		C7118CF48219F71EEEB839F0 /* Pods-SearchLibraryApp.release.xcconfig */ = {isa = PBXFileReference; includeInIndex = 1; lastKnownFileType = text.xcconfig; name = "Pods-SearchLibraryApp.release.xcconfig"; path = "Target Support Files/Pods-SearchLibraryApp/Pods-SearchLibraryApp.release.xcconfig"; sourceTree = "<group>"; };
		CE4F60BC37D90C5E8F6E793E /* Pods_SearchLibraryAppTests.framework */ = {isa = PBXFileReference; explicitFileType = wrapper.framework; includeInIndex = 0; path = Pods_SearchLibraryAppTests.framework; sourceTree = BUILT_PRODUCTS_DIR; };
		DA50DC14BF5308E328E1E340 /* Pods-SearchLibraryAppTests.debug.xcconfig */ = {isa = PBXFileReference; includeInIndex = 1; lastKnownFileType = text.xcconfig; name = "Pods-SearchLibraryAppTests.debug.xcconfig"; path = "Target Support Files/Pods-SearchLibraryAppTests/Pods-SearchLibraryAppTests.debug.xcconfig"; sourceTree = "<group>"; };
		EE8DDD9421D880E4EB85A4CB /* Pods-SearchLibraryApp-SearchLibraryAppUITests.release.xcconfig */ = {isa = PBXFileReference; includeInIndex = 1; lastKnownFileType = text.xcconfig; name = "Pods-SearchLibraryApp-SearchLibraryAppUITests.release.xcconfig"; path = "Target Support Files/Pods-SearchLibraryApp-SearchLibraryAppUITests/Pods-SearchLibraryApp-SearchLibraryAppUITests.release.xcconfig"; sourceTree = "<group>"; };
/* End PBXFileReference section */

/* Begin PBXFrameworksBuildPhase section */
		68D1C3542816F6400046D298 /* Frameworks */ = {
			isa = PBXFrameworksBuildPhase;
			buildActionMask = 2147483647;
			files = (
				E3A961AF2651BED781813D27 /* Pods_SearchLibraryApp.framework in Frameworks */,
			);
			runOnlyForDeploymentPostprocessing = 0;
		};
		68D1C36D2816F6420046D298 /* Frameworks */ = {
			isa = PBXFrameworksBuildPhase;
			buildActionMask = 2147483647;
			files = (
				2058A48BF3AAFC810FEA79B7 /* Pods_SearchLibraryAppTests.framework in Frameworks */,
			);
			runOnlyForDeploymentPostprocessing = 0;
		};
		68D1C3772816F6420046D298 /* Frameworks */ = {
			isa = PBXFrameworksBuildPhase;
			buildActionMask = 2147483647;
			files = (
				48FCF14A5343816B48BBD165 /* Pods_SearchLibraryApp_SearchLibraryAppUITests.framework in Frameworks */,
			);
			runOnlyForDeploymentPostprocessing = 0;
		};
/* End PBXFrameworksBuildPhase section */

/* Begin PBXGroup section */
		6821D0A92843B52B00ADE0D0 /* Router */ = {
			isa = PBXGroup;
			children = (
				6821D0A72843B08700ADE0D0 /* IsbnRouter.swift */,
			);
			path = Router;
			sourceTree = "<group>";
		};
		689E6B53282FC15500F1114A /* Presenter */ = {
			isa = PBXGroup;
			children = (
				689E6B54282FC1B600F1114A /* HomePresenter.swift */,
				689E6B56282FC50300F1114A /* CartPresenter.swift */,
				68EBD323283479E600CC53D5 /* IsbnPresenter.swift */,
				68BE4F752837CBAA0072CAC8 /* EasySearchPresenter.swift */,
				68BE4F792839F9E80072CAC8 /* SelectPresenter.swift */,
				6889049A284E585100B1531F /* SettingPresenter.swift */,
			);
			path = Presenter;
			sourceTree = "<group>";
		};
		68BE4F7D283A33760072CAC8 /* View */ = {
			isa = PBXGroup;
			children = (
				68BE4F7E283A338A0072CAC8 /* SettingTableView.swift */,
				68BE4F82283A495B0072CAC8 /* SettingDetailView.swift */,
				68BE4F84283A4F800072CAC8 /* BaseSwitch.swift */,
				68BE4F86283A4F8F0072CAC8 /* BaseLabel.swift */,
			);
			path = View;
			sourceTree = "<group>";
		};
		68D1C34E2816F6400046D298 = {
			isa = PBXGroup;
			children = (
				68D1C3592816F6400046D298 /* SearchLibraryApp */,
				68D1C3732816F6420046D298 /* SearchLibraryAppTests */,
				68D1C37D2816F6420046D298 /* SearchLibraryAppUITests */,
				68D1C3582816F6400046D298 /* Products */,
				96D4413B62DB64F9D3EA96B1 /* Pods */,
				A57109F4E850AB84A5BB102D /* Frameworks */,
			);
			sourceTree = "<group>";
		};
		68D1C3582816F6400046D298 /* Products */ = {
			isa = PBXGroup;
			children = (
				68D1C3572816F6400046D298 /* SearchLibraryApp.app */,
				68D1C3702816F6420046D298 /* SearchLibraryAppTests.xctest */,
				68D1C37A2816F6420046D298 /* SearchLibraryAppUITests.xctest */,
			);
			name = Products;
			sourceTree = "<group>";
		};
		68D1C3592816F6400046D298 /* SearchLibraryApp */ = {
			isa = PBXGroup;
			children = (
				6821D0A92843B52B00ADE0D0 /* Router */,
				68BE4F7D283A33760072CAC8 /* View */,
				689E6B53282FC15500F1114A /* Presenter */,
				68D1C3C028204D0C0046D298 /* Delegate */,
				68D1C3BF28204CF70046D298 /* TableViewCell */,
				68D1C3BE28204CAD0046D298 /* ViewController */,
				68D1C3BD28204CA00046D298 /* Model */,
				68D1C3A4281ADF5C0046D298 /* CartItem */,
				68D1C39B2819704B0046D298 /* Data */,
				68D1C3B7281EDE760046D298 /* Extension.swift */,
				68D1C3602816F6400046D298 /* Main.storyboard */,
				68D1C3662816F6420046D298 /* Assets.xcassets */,
				68D1C3682816F6420046D298 /* LaunchScreen.storyboard */,
				68D1C36B2816F6420046D298 /* Info.plist */,
				68F886F2285EC9110026E3A6 /* GoogleService-Info.plist */,
				68D1C3632816F6400046D298 /* SearchLibraryApp.xcdatamodeld */,
				68D1C3A9281AEA4C0046D298 /* ApiKey.swift */,
				68890498284B9F3900B1531F /* Database.swift */,
			);
			path = SearchLibraryApp;
			sourceTree = "<group>";
		};
		68D1C3732816F6420046D298 /* SearchLibraryAppTests */ = {
			isa = PBXGroup;
			children = (
				68D1C3742816F6420046D298 /* SearchLibraryAppTests.swift */,
			);
			path = SearchLibraryAppTests;
			sourceTree = "<group>";
		};
		68D1C37D2816F6420046D298 /* SearchLibraryAppUITests */ = {
			isa = PBXGroup;
			children = (
				68D1C37E2816F6420046D298 /* SearchLibraryAppUITests.swift */,
				68D1C3802816F6420046D298 /* SearchLibraryAppUITestsLaunchTests.swift */,
			);
			path = SearchLibraryAppUITests;
			sourceTree = "<group>";
		};
		68D1C39B2819704B0046D298 /* Data */ = {
			isa = PBXGroup;
			children = (
				68F886F0285E06630026E3A6 /* Type.swift */,
				68D1C38F2817AFA70046D298 /* IsbnData.swift */,
				68D1C3972818ED0E0046D298 /* LocationData.swift */,
				68D1C39E281A336E0046D298 /* BookData.swift */,
				68F886E82854D5470026E3A6 /* Order.swift */,
			);
			path = Data;
			sourceTree = "<group>";
		};
		68D1C3A4281ADF5C0046D298 /* CartItem */ = {
			isa = PBXGroup;
			children = (
			);
			path = CartItem;
			sourceTree = "<group>";
		};
		68D1C3BD28204CA00046D298 /* Model */ = {
			isa = PBXGroup;
			children = (
				68D1C38D2817A4EE0046D298 /* HomeModel.swift */,
				68F4C5C32824609000A68865 /* IsbnModel.swift */,
				689E6B58282FC56900F1114A /* CartModel.swift */,
				68BE4F772837CF460072CAC8 /* EasySearchModel.swift */,
				68BE4F7B2839F9FC0072CAC8 /* SelectBookModel.swift */,
			);
			path = Model;
			sourceTree = "<group>";
		};
		68D1C3BE28204CAD0046D298 /* ViewController */ = {
			isa = PBXGroup;
			children = (
				68F886F4285EE56F0026E3A6 /* LoginViewController.swift */,
				68F886F6285F58650026E3A6 /* SignUpViewController.swift */,
				68D1C3912817E86C0046D298 /* HomeViewController.swift */,
				68D1C393281805660046D298 /* SearchViewController.swift */,
				68D1C35E2816F6400046D298 /* IsbnViewController.swift */,
				68D1C39C2819A3380046D298 /* EasySearchViewController.swift */,
				68D1C3A2281AD8FE0046D298 /* CartViewController.swift */,
				68D1C395281852560046D298 /* LibrarySpotViewController.swift */,
				68D1C3A0281A66980046D298 /* SelectBookViewController.swift */,
				68D1C399281970420046D298 /* BarcodeViewController.swift */,
				68D1C3AF281C7B460046D298 /* SearchBookViewController.swift */,
				68D1C3B1281CDCE90046D298 /* SettingViewController.swift */,
				68BE4F80283A404F0072CAC8 /* SettingDetailViewContorller.swift */,
				68D1C3B9281EF5F20046D298 /* WebViewController.swift */,
				68D1C3BB281F19110046D298 /* MapViewController.swift */,
				68F886EA285789230026E3A6 /* ChatViewController.swift */,
				68F886EC285B8E880026E3A6 /* ChatRoomViewController.swift */,
			);
			path = ViewController;
			sourceTree = "<group>";
		};
		68D1C3BF28204CF70046D298 /* TableViewCell */ = {
			isa = PBXGroup;
			children = (
				68D1C3AB281C2F910046D298 /* TableViewCell.swift */,
				68D1C3AC281C2F910046D298 /* TableViewCell.xib */,
				68D1C3B3281DA4620046D298 /* BookTableViewCell.swift */,
				68D1C3B4281DA4620046D298 /* BookTableViewCell.xib */,
				68F4C5BF2821A86D00A68865 /* SettingTableViewCell.swift */,
				68F4C5C02821A86D00A68865 /* SettingTableViewCell.xib */,
			);
			path = TableViewCell;
			sourceTree = "<group>";
		};
		68D1C3C028204D0C0046D298 /* Delegate */ = {
			isa = PBXGroup;
			children = (
				68D1C35C2816F6400046D298 /* SceneDelegate.swift */,
				68D1C35A2816F6400046D298 /* AppDelegate.swift */,
			);
			path = Delegate;
			sourceTree = "<group>";
		};
		96D4413B62DB64F9D3EA96B1 /* Pods */ = {
			isa = PBXGroup;
			children = (
				21906A1298606DBB25552CF9 /* Pods-SearchLibraryApp.debug.xcconfig */,
				C7118CF48219F71EEEB839F0 /* Pods-SearchLibraryApp.release.xcconfig */,
				8577D4AA9B380B32548B4261 /* Pods-SearchLibraryApp-SearchLibraryAppUITests.debug.xcconfig */,
				EE8DDD9421D880E4EB85A4CB /* Pods-SearchLibraryApp-SearchLibraryAppUITests.release.xcconfig */,
				DA50DC14BF5308E328E1E340 /* Pods-SearchLibraryAppTests.debug.xcconfig */,
				4A6057DC79FAF1C00C2AC8FD /* Pods-SearchLibraryAppTests.release.xcconfig */,
			);
			path = Pods;
			sourceTree = "<group>";
		};
		A57109F4E850AB84A5BB102D /* Frameworks */ = {
			isa = PBXGroup;
			children = (
				B0565720ED267F318FB410A1 /* Pods_SearchLibraryApp.framework */,
				5F5C3D9D75412FCEEC22D10F /* Pods_SearchLibraryApp_SearchLibraryAppUITests.framework */,
				CE4F60BC37D90C5E8F6E793E /* Pods_SearchLibraryAppTests.framework */,
			);
			name = Frameworks;
			sourceTree = "<group>";
		};
/* End PBXGroup section */

/* Begin PBXNativeTarget section */
		68D1C3562816F6400046D298 /* SearchLibraryApp */ = {
			isa = PBXNativeTarget;
			buildConfigurationList = 68D1C3842816F6420046D298 /* Build configuration list for PBXNativeTarget "SearchLibraryApp" */;
			buildPhases = (
				8A2294BCCBA66E253DA57B32 /* [CP] Check Pods Manifest.lock */,
				68D1C3532816F6400046D298 /* Sources */,
				68D1C3542816F6400046D298 /* Frameworks */,
				68D1C3552816F6400046D298 /* Resources */,
				8DA7131A1F3C9B9AFDA984B5 /* [CP] Embed Pods Frameworks */,
			);
			buildRules = (
			);
			dependencies = (
			);
			name = SearchLibraryApp;
			productName = SearchLibraryApp;
			productReference = 68D1C3572816F6400046D298 /* SearchLibraryApp.app */;
			productType = "com.apple.product-type.application";
		};
		68D1C36F2816F6420046D298 /* SearchLibraryAppTests */ = {
			isa = PBXNativeTarget;
			buildConfigurationList = 68D1C3872816F6420046D298 /* Build configuration list for PBXNativeTarget "SearchLibraryAppTests" */;
			buildPhases = (
				8F7E15204340645396137234 /* [CP] Check Pods Manifest.lock */,
				68D1C36C2816F6420046D298 /* Sources */,
				68D1C36D2816F6420046D298 /* Frameworks */,
				68D1C36E2816F6420046D298 /* Resources */,
			);
			buildRules = (
			);
			dependencies = (
				68D1C3722816F6420046D298 /* PBXTargetDependency */,
			);
			name = SearchLibraryAppTests;
			productName = SearchLibraryAppTests;
			productReference = 68D1C3702816F6420046D298 /* SearchLibraryAppTests.xctest */;
			productType = "com.apple.product-type.bundle.unit-test";
		};
		68D1C3792816F6420046D298 /* SearchLibraryAppUITests */ = {
			isa = PBXNativeTarget;
			buildConfigurationList = 68D1C38A2816F6420046D298 /* Build configuration list for PBXNativeTarget "SearchLibraryAppUITests" */;
			buildPhases = (
				ADE5A710645EC25E116ADF6E /* [CP] Check Pods Manifest.lock */,
				68D1C3762816F6420046D298 /* Sources */,
				68D1C3772816F6420046D298 /* Frameworks */,
				68D1C3782816F6420046D298 /* Resources */,
				4C7F314371565F4538DDF31E /* [CP] Embed Pods Frameworks */,
			);
			buildRules = (
			);
			dependencies = (
				68D1C37C2816F6420046D298 /* PBXTargetDependency */,
			);
			name = SearchLibraryAppUITests;
			productName = SearchLibraryAppUITests;
			productReference = 68D1C37A2816F6420046D298 /* SearchLibraryAppUITests.xctest */;
			productType = "com.apple.product-type.bundle.ui-testing";
		};
/* End PBXNativeTarget section */

/* Begin PBXProject section */
		68D1C34F2816F6400046D298 /* Project object */ = {
			isa = PBXProject;
			attributes = {
				BuildIndependentTargetsInParallel = 1;
				LastSwiftUpdateCheck = 1320;
				LastUpgradeCheck = 1320;
				TargetAttributes = {
					68D1C3562816F6400046D298 = {
						CreatedOnToolsVersion = 13.2.1;
					};
					68D1C36F2816F6420046D298 = {
						CreatedOnToolsVersion = 13.2.1;
						TestTargetID = 68D1C3562816F6400046D298;
					};
					68D1C3792816F6420046D298 = {
						CreatedOnToolsVersion = 13.2.1;
						TestTargetID = 68D1C3562816F6400046D298;
					};
				};
			};
			buildConfigurationList = 68D1C3522816F6400046D298 /* Build configuration list for PBXProject "SearchLibraryApp" */;
			compatibilityVersion = "Xcode 13.0";
			developmentRegion = en;
			hasScannedForEncodings = 0;
			knownRegions = (
				en,
				Base,
			);
			mainGroup = 68D1C34E2816F6400046D298;
			productRefGroup = 68D1C3582816F6400046D298 /* Products */;
			projectDirPath = "";
			projectRoot = "";
			targets = (
				68D1C3562816F6400046D298 /* SearchLibraryApp */,
				68D1C36F2816F6420046D298 /* SearchLibraryAppTests */,
				68D1C3792816F6420046D298 /* SearchLibraryAppUITests */,
			);
		};
/* End PBXProject section */

/* Begin PBXResourcesBuildPhase section */
		68D1C3552816F6400046D298 /* Resources */ = {
			isa = PBXResourcesBuildPhase;
			buildActionMask = 2147483647;
			files = (
				68D1C36A2816F6420046D298 /* LaunchScreen.storyboard in Resources */,
				68D1C3AE281C2F910046D298 /* TableViewCell.xib in Resources */,
				68F4C5C22821A86D00A68865 /* SettingTableViewCell.xib in Resources */,
				68D1C3672816F6420046D298 /* Assets.xcassets in Resources */,
				68D1C3622816F6400046D298 /* Main.storyboard in Resources */,
				68D1C3B6281DA4620046D298 /* BookTableViewCell.xib in Resources */,
				68F886F3285EC9110026E3A6 /* GoogleService-Info.plist in Resources */,
			);
			runOnlyForDeploymentPostprocessing = 0;
		};
		68D1C36E2816F6420046D298 /* Resources */ = {
			isa = PBXResourcesBuildPhase;
			buildActionMask = 2147483647;
			files = (
			);
			runOnlyForDeploymentPostprocessing = 0;
		};
		68D1C3782816F6420046D298 /* Resources */ = {
			isa = PBXResourcesBuildPhase;
			buildActionMask = 2147483647;
			files = (
			);
			runOnlyForDeploymentPostprocessing = 0;
		};
/* End PBXResourcesBuildPhase section */

/* Begin PBXShellScriptBuildPhase section */
		4C7F314371565F4538DDF31E /* [CP] Embed Pods Frameworks */ = {
			isa = PBXShellScriptBuildPhase;
			buildActionMask = 2147483647;
			files = (
			);
			inputFileListPaths = (
				"${PODS_ROOT}/Target Support Files/Pods-SearchLibraryApp-SearchLibraryAppUITests/Pods-SearchLibraryApp-SearchLibraryAppUITests-frameworks-${CONFIGURATION}-input-files.xcfilelist",
			);
			name = "[CP] Embed Pods Frameworks";
			outputFileListPaths = (
				"${PODS_ROOT}/Target Support Files/Pods-SearchLibraryApp-SearchLibraryAppUITests/Pods-SearchLibraryApp-SearchLibraryAppUITests-frameworks-${CONFIGURATION}-output-files.xcfilelist",
			);
			runOnlyForDeploymentPostprocessing = 0;
			shellPath = /bin/sh;
			shellScript = "\"${PODS_ROOT}/Target Support Files/Pods-SearchLibraryApp-SearchLibraryAppUITests/Pods-SearchLibraryApp-SearchLibraryAppUITests-frameworks.sh\"\n";
			showEnvVarsInLog = 0;
		};
		8A2294BCCBA66E253DA57B32 /* [CP] Check Pods Manifest.lock */ = {
			isa = PBXShellScriptBuildPhase;
			buildActionMask = 2147483647;
			files = (
			);
			inputFileListPaths = (
			);
			inputPaths = (
				"${PODS_PODFILE_DIR_PATH}/Podfile.lock",
				"${PODS_ROOT}/Manifest.lock",
			);
			name = "[CP] Check Pods Manifest.lock";
			outputFileListPaths = (
			);
			outputPaths = (
				"$(DERIVED_FILE_DIR)/Pods-SearchLibraryApp-checkManifestLockResult.txt",
			);
			runOnlyForDeploymentPostprocessing = 0;
			shellPath = /bin/sh;
			shellScript = "diff \"${PODS_PODFILE_DIR_PATH}/Podfile.lock\" \"${PODS_ROOT}/Manifest.lock\" > /dev/null\nif [ $? != 0 ] ; then\n    # print error to STDERR\n    echo \"error: The sandbox is not in sync with the Podfile.lock. Run 'pod install' or update your CocoaPods installation.\" >&2\n    exit 1\nfi\n# This output is used by Xcode 'outputs' to avoid re-running this script phase.\necho \"SUCCESS\" > \"${SCRIPT_OUTPUT_FILE_0}\"\n";
			showEnvVarsInLog = 0;
		};
		8DA7131A1F3C9B9AFDA984B5 /* [CP] Embed Pods Frameworks */ = {
			isa = PBXShellScriptBuildPhase;
			buildActionMask = 2147483647;
			files = (
			);
			inputFileListPaths = (
				"${PODS_ROOT}/Target Support Files/Pods-SearchLibraryApp/Pods-SearchLibraryApp-frameworks-${CONFIGURATION}-input-files.xcfilelist",
			);
			name = "[CP] Embed Pods Frameworks";
			outputFileListPaths = (
				"${PODS_ROOT}/Target Support Files/Pods-SearchLibraryApp/Pods-SearchLibraryApp-frameworks-${CONFIGURATION}-output-files.xcfilelist",
			);
			runOnlyForDeploymentPostprocessing = 0;
			shellPath = /bin/sh;
			shellScript = "\"${PODS_ROOT}/Target Support Files/Pods-SearchLibraryApp/Pods-SearchLibraryApp-frameworks.sh\"\n";
			showEnvVarsInLog = 0;
		};
		8F7E15204340645396137234 /* [CP] Check Pods Manifest.lock */ = {
			isa = PBXShellScriptBuildPhase;
			buildActionMask = 2147483647;
			files = (
			);
			inputFileListPaths = (
			);
			inputPaths = (
				"${PODS_PODFILE_DIR_PATH}/Podfile.lock",
				"${PODS_ROOT}/Manifest.lock",
			);
			name = "[CP] Check Pods Manifest.lock";
			outputFileListPaths = (
			);
			outputPaths = (
				"$(DERIVED_FILE_DIR)/Pods-SearchLibraryAppTests-checkManifestLockResult.txt",
			);
			runOnlyForDeploymentPostprocessing = 0;
			shellPath = /bin/sh;
			shellScript = "diff \"${PODS_PODFILE_DIR_PATH}/Podfile.lock\" \"${PODS_ROOT}/Manifest.lock\" > /dev/null\nif [ $? != 0 ] ; then\n    # print error to STDERR\n    echo \"error: The sandbox is not in sync with the Podfile.lock. Run 'pod install' or update your CocoaPods installation.\" >&2\n    exit 1\nfi\n# This output is used by Xcode 'outputs' to avoid re-running this script phase.\necho \"SUCCESS\" > \"${SCRIPT_OUTPUT_FILE_0}\"\n";
			showEnvVarsInLog = 0;
		};
		ADE5A710645EC25E116ADF6E /* [CP] Check Pods Manifest.lock */ = {
			isa = PBXShellScriptBuildPhase;
			buildActionMask = 2147483647;
			files = (
			);
			inputFileListPaths = (
			);
			inputPaths = (
				"${PODS_PODFILE_DIR_PATH}/Podfile.lock",
				"${PODS_ROOT}/Manifest.lock",
			);
			name = "[CP] Check Pods Manifest.lock";
			outputFileListPaths = (
			);
			outputPaths = (
				"$(DERIVED_FILE_DIR)/Pods-SearchLibraryApp-SearchLibraryAppUITests-checkManifestLockResult.txt",
			);
			runOnlyForDeploymentPostprocessing = 0;
			shellPath = /bin/sh;
			shellScript = "diff \"${PODS_PODFILE_DIR_PATH}/Podfile.lock\" \"${PODS_ROOT}/Manifest.lock\" > /dev/null\nif [ $? != 0 ] ; then\n    # print error to STDERR\n    echo \"error: The sandbox is not in sync with the Podfile.lock. Run 'pod install' or update your CocoaPods installation.\" >&2\n    exit 1\nfi\n# This output is used by Xcode 'outputs' to avoid re-running this script phase.\necho \"SUCCESS\" > \"${SCRIPT_OUTPUT_FILE_0}\"\n";
			showEnvVarsInLog = 0;
		};
/* End PBXShellScriptBuildPhase section */

/* Begin PBXSourcesBuildPhase section */
		68D1C3532816F6400046D298 /* Sources */ = {
			isa = PBXSourcesBuildPhase;
			buildActionMask = 2147483647;
			files = (
				68F886F7285F58650026E3A6 /* SignUpViewController.swift in Sources */,
				68D1C396281852560046D298 /* LibrarySpotViewController.swift in Sources */,
				68D1C3BA281EF5F20046D298 /* WebViewController.swift in Sources */,
				68D1C35F2816F6400046D298 /* IsbnViewController.swift in Sources */,
				68BE4F782837CF460072CAC8 /* EasySearchModel.swift in Sources */,
				68BE4F85283A4F800072CAC8 /* BaseSwitch.swift in Sources */,
				68D1C3652816F6400046D298 /* SearchLibraryApp.xcdatamodeld in Sources */,
				68F886E92854D5470026E3A6 /* Order.swift in Sources */,
				68D1C3A1281A66980046D298 /* SelectBookViewController.swift in Sources */,
				68D1C394281805660046D298 /* SearchViewController.swift in Sources */,
				68F4C5C12821A86D00A68865 /* SettingTableViewCell.swift in Sources */,
				68BE4F7A2839F9E90072CAC8 /* SelectPresenter.swift in Sources */,
				68BE4F7F283A338A0072CAC8 /* SettingTableView.swift in Sources */,
				68D1C3982818ED0E0046D298 /* LocationData.swift in Sources */,
				68D1C35B2816F6400046D298 /* AppDelegate.swift in Sources */,
				689E6B59282FC56900F1114A /* CartModel.swift in Sources */,
				689E6B55282FC1B600F1114A /* HomePresenter.swift in Sources */,
				68BE4F7C2839F9FC0072CAC8 /* SelectBookModel.swift in Sources */,
				68BE4F81283A404F0072CAC8 /* SettingDetailViewContorller.swift in Sources */,
				68D1C3A3281AD8FE0046D298 /* CartViewController.swift in Sources */,
				68D1C3BC281F19110046D298 /* MapViewController.swift in Sources */,
				68D1C3B5281DA4620046D298 /* BookTableViewCell.swift in Sources */,
				68D1C39F281A336E0046D298 /* BookData.swift in Sources */,
				68D1C3B8281EDE760046D298 /* Extension.swift in Sources */,
				6889049B284E585100B1531F /* SettingPresenter.swift in Sources */,
				68D1C38E2817A4EE0046D298 /* HomeModel.swift in Sources */,
				68D1C3AA281AEA4C0046D298 /* ApiKey.swift in Sources */,
				68F886F5285EE56F0026E3A6 /* LoginViewController.swift in Sources */,
				68D1C3B0281C7B460046D298 /* SearchBookViewController.swift in Sources */,
				6821D0A82843B08700ADE0D0 /* IsbnRouter.swift in Sources */,
				68EBD324283479E600CC53D5 /* IsbnPresenter.swift in Sources */,
				68BE4F762837CBAA0072CAC8 /* EasySearchPresenter.swift in Sources */,
				68D1C35D2816F6400046D298 /* SceneDelegate.swift in Sources */,
				68D1C39D2819A3380046D298 /* EasySearchViewController.swift in Sources */,
				68BE4F87283A4F8F0072CAC8 /* BaseLabel.swift in Sources */,
				689E6B57282FC50300F1114A /* CartPresenter.swift in Sources */,
				68F4C5C42824609000A68865 /* IsbnModel.swift in Sources */,
				68F886F1285E06630026E3A6 /* Type.swift in Sources */,
				68D1C3922817E86C0046D298 /* HomeViewController.swift in Sources */,
				68D1C3AD281C2F910046D298 /* TableViewCell.swift in Sources */,
				68D1C3B2281CDCE90046D298 /* SettingViewController.swift in Sources */,
				68D1C39A281970420046D298 /* BarcodeViewController.swift in Sources */,
				68F886EB285789230026E3A6 /* ChatViewController.swift in Sources */,
				68BE4F83283A495B0072CAC8 /* SettingDetailView.swift in Sources */,
				68890499284B9F3900B1531F /* Database.swift in Sources */,
				68D1C3902817AFA70046D298 /* IsbnData.swift in Sources */,
				68F886ED285B8E880026E3A6 /* ChatRoomViewController.swift in Sources */,
			);
			runOnlyForDeploymentPostprocessing = 0;
		};
		68D1C36C2816F6420046D298 /* Sources */ = {
			isa = PBXSourcesBuildPhase;
			buildActionMask = 2147483647;
			files = (
				68D1C3752816F6420046D298 /* SearchLibraryAppTests.swift in Sources */,
			);
			runOnlyForDeploymentPostprocessing = 0;
		};
		68D1C3762816F6420046D298 /* Sources */ = {
			isa = PBXSourcesBuildPhase;
			buildActionMask = 2147483647;
			files = (
				68D1C3812816F6420046D298 /* SearchLibraryAppUITestsLaunchTests.swift in Sources */,
				68D1C37F2816F6420046D298 /* SearchLibraryAppUITests.swift in Sources */,
			);
			runOnlyForDeploymentPostprocessing = 0;
		};
/* End PBXSourcesBuildPhase section */

/* Begin PBXTargetDependency section */
		68D1C3722816F6420046D298 /* PBXTargetDependency */ = {
			isa = PBXTargetDependency;
			target = 68D1C3562816F6400046D298 /* SearchLibraryApp */;
			targetProxy = 68D1C3712816F6420046D298 /* PBXContainerItemProxy */;
		};
		68D1C37C2816F6420046D298 /* PBXTargetDependency */ = {
			isa = PBXTargetDependency;
			target = 68D1C3562816F6400046D298 /* SearchLibraryApp */;
			targetProxy = 68D1C37B2816F6420046D298 /* PBXContainerItemProxy */;
		};
/* End PBXTargetDependency section */

/* Begin PBXVariantGroup section */
		68D1C3602816F6400046D298 /* Main.storyboard */ = {
			isa = PBXVariantGroup;
			children = (
				68D1C3612816F6400046D298 /* Base */,
			);
			name = Main.storyboard;
			sourceTree = "<group>";
		};
		68D1C3682816F6420046D298 /* LaunchScreen.storyboard */ = {
			isa = PBXVariantGroup;
			children = (
				68D1C3692816F6420046D298 /* Base */,
			);
			name = LaunchScreen.storyboard;
			sourceTree = "<group>";
		};
/* End PBXVariantGroup section */

/* Begin XCBuildConfiguration section */
		68D1C3822816F6420046D298 /* Debug */ = {
			isa = XCBuildConfiguration;
			buildSettings = {
				ALWAYS_SEARCH_USER_PATHS = NO;
				CLANG_ANALYZER_NONNULL = YES;
				CLANG_ANALYZER_NUMBER_OBJECT_CONVERSION = YES_AGGRESSIVE;
				CLANG_CXX_LANGUAGE_STANDARD = "gnu++17";
				CLANG_CXX_LIBRARY = "libc++";
				CLANG_ENABLE_MODULES = YES;
				CLANG_ENABLE_OBJC_ARC = YES;
				CLANG_ENABLE_OBJC_WEAK = YES;
				CLANG_WARN_BLOCK_CAPTURE_AUTORELEASING = YES;
				CLANG_WARN_BOOL_CONVERSION = YES;
				CLANG_WARN_COMMA = YES;
				CLANG_WARN_CONSTANT_CONVERSION = YES;
				CLANG_WARN_DEPRECATED_OBJC_IMPLEMENTATIONS = YES;
				CLANG_WARN_DIRECT_OBJC_ISA_USAGE = YES_ERROR;
				CLANG_WARN_DOCUMENTATION_COMMENTS = YES;
				CLANG_WARN_EMPTY_BODY = YES;
				CLANG_WARN_ENUM_CONVERSION = YES;
				CLANG_WARN_INFINITE_RECURSION = YES;
				CLANG_WARN_INT_CONVERSION = YES;
				CLANG_WARN_NON_LITERAL_NULL_CONVERSION = YES;
				CLANG_WARN_OBJC_IMPLICIT_RETAIN_SELF = YES;
				CLANG_WARN_OBJC_LITERAL_CONVERSION = YES;
				CLANG_WARN_OBJC_ROOT_CLASS = YES_ERROR;
				CLANG_WARN_QUOTED_INCLUDE_IN_FRAMEWORK_HEADER = YES;
				CLANG_WARN_RANGE_LOOP_ANALYSIS = YES;
				CLANG_WARN_STRICT_PROTOTYPES = YES;
				CLANG_WARN_SUSPICIOUS_MOVE = YES;
				CLANG_WARN_UNGUARDED_AVAILABILITY = YES_AGGRESSIVE;
				CLANG_WARN_UNREACHABLE_CODE = YES;
				CLANG_WARN__DUPLICATE_METHOD_MATCH = YES;
				COPY_PHASE_STRIP = NO;
				DEBUG_INFORMATION_FORMAT = dwarf;
				ENABLE_STRICT_OBJC_MSGSEND = YES;
				ENABLE_TESTABILITY = YES;
				GCC_C_LANGUAGE_STANDARD = gnu11;
				GCC_DYNAMIC_NO_PIC = NO;
				GCC_NO_COMMON_BLOCKS = YES;
				GCC_OPTIMIZATION_LEVEL = 0;
				GCC_PREPROCESSOR_DEFINITIONS = (
					"DEBUG=1",
					"$(inherited)",
				);
				GCC_WARN_64_TO_32_BIT_CONVERSION = YES;
				GCC_WARN_ABOUT_RETURN_TYPE = YES_ERROR;
				GCC_WARN_UNDECLARED_SELECTOR = YES;
				GCC_WARN_UNINITIALIZED_AUTOS = YES_AGGRESSIVE;
				GCC_WARN_UNUSED_FUNCTION = YES;
				GCC_WARN_UNUSED_VARIABLE = YES;
				IPHONEOS_DEPLOYMENT_TARGET = 15.2;
				MTL_ENABLE_DEBUG_INFO = INCLUDE_SOURCE;
				MTL_FAST_MATH = YES;
				ONLY_ACTIVE_ARCH = YES;
				SDKROOT = iphoneos;
				SWIFT_ACTIVE_COMPILATION_CONDITIONS = DEBUG;
				SWIFT_OPTIMIZATION_LEVEL = "-Onone";
			};
			name = Debug;
		};
		68D1C3832816F6420046D298 /* Release */ = {
			isa = XCBuildConfiguration;
			buildSettings = {
				ALWAYS_SEARCH_USER_PATHS = NO;
				CLANG_ANALYZER_NONNULL = YES;
				CLANG_ANALYZER_NUMBER_OBJECT_CONVERSION = YES_AGGRESSIVE;
				CLANG_CXX_LANGUAGE_STANDARD = "gnu++17";
				CLANG_CXX_LIBRARY = "libc++";
				CLANG_ENABLE_MODULES = YES;
				CLANG_ENABLE_OBJC_ARC = YES;
				CLANG_ENABLE_OBJC_WEAK = YES;
				CLANG_WARN_BLOCK_CAPTURE_AUTORELEASING = YES;
				CLANG_WARN_BOOL_CONVERSION = YES;
				CLANG_WARN_COMMA = YES;
				CLANG_WARN_CONSTANT_CONVERSION = YES;
				CLANG_WARN_DEPRECATED_OBJC_IMPLEMENTATIONS = YES;
				CLANG_WARN_DIRECT_OBJC_ISA_USAGE = YES_ERROR;
				CLANG_WARN_DOCUMENTATION_COMMENTS = YES;
				CLANG_WARN_EMPTY_BODY = YES;
				CLANG_WARN_ENUM_CONVERSION = YES;
				CLANG_WARN_INFINITE_RECURSION = YES;
				CLANG_WARN_INT_CONVERSION = YES;
				CLANG_WARN_NON_LITERAL_NULL_CONVERSION = YES;
				CLANG_WARN_OBJC_IMPLICIT_RETAIN_SELF = YES;
				CLANG_WARN_OBJC_LITERAL_CONVERSION = YES;
				CLANG_WARN_OBJC_ROOT_CLASS = YES_ERROR;
				CLANG_WARN_QUOTED_INCLUDE_IN_FRAMEWORK_HEADER = YES;
				CLANG_WARN_RANGE_LOOP_ANALYSIS = YES;
				CLANG_WARN_STRICT_PROTOTYPES = YES;
				CLANG_WARN_SUSPICIOUS_MOVE = YES;
				CLANG_WARN_UNGUARDED_AVAILABILITY = YES_AGGRESSIVE;
				CLANG_WARN_UNREACHABLE_CODE = YES;
				CLANG_WARN__DUPLICATE_METHOD_MATCH = YES;
				COPY_PHASE_STRIP = NO;
				DEBUG_INFORMATION_FORMAT = "dwarf-with-dsym";
				ENABLE_NS_ASSERTIONS = NO;
				ENABLE_STRICT_OBJC_MSGSEND = YES;
				GCC_C_LANGUAGE_STANDARD = gnu11;
				GCC_NO_COMMON_BLOCKS = YES;
				GCC_WARN_64_TO_32_BIT_CONVERSION = YES;
				GCC_WARN_ABOUT_RETURN_TYPE = YES_ERROR;
				GCC_WARN_UNDECLARED_SELECTOR = YES;
				GCC_WARN_UNINITIALIZED_AUTOS = YES_AGGRESSIVE;
				GCC_WARN_UNUSED_FUNCTION = YES;
				GCC_WARN_UNUSED_VARIABLE = YES;
				IPHONEOS_DEPLOYMENT_TARGET = 15.2;
				MTL_ENABLE_DEBUG_INFO = NO;
				MTL_FAST_MATH = YES;
				SDKROOT = iphoneos;
				SWIFT_COMPILATION_MODE = wholemodule;
				SWIFT_OPTIMIZATION_LEVEL = "-O";
				VALIDATE_PRODUCT = YES;
			};
			name = Release;
		};
		68D1C3852816F6420046D298 /* Debug */ = {
			isa = XCBuildConfiguration;
			baseConfigurationReference = 21906A1298606DBB25552CF9 /* Pods-SearchLibraryApp.debug.xcconfig */;
			buildSettings = {
				ASSETCATALOG_COMPILER_APPICON_NAME = AppIcon;
				ASSETCATALOG_COMPILER_GLOBAL_ACCENT_COLOR_NAME = AccentColor;
				CODE_SIGN_STYLE = Automatic;
				CURRENT_PROJECT_VERSION = 1;
				DEVELOPMENT_TEAM = 2FZRK6M67D;
				GENERATE_INFOPLIST_FILE = YES;
				INFOPLIST_FILE = SearchLibraryApp/Info.plist;
				INFOPLIST_KEY_CFBundleDisplayName = "";
				INFOPLIST_KEY_LSApplicationCategoryType = "";
				INFOPLIST_KEY_NSCameraUsageDescription = "カメラの使用を許可します";
				INFOPLIST_KEY_NSLocationAlwaysUsageDescription = "常に許可する";
				INFOPLIST_KEY_NSLocationWhenInUseUsageDescription = "使用中のみ許可する";
				INFOPLIST_KEY_NSPhotoLibraryUsageDescription = "写真フォルダへのアクセスを許可する";
				INFOPLIST_KEY_UIApplicationSupportsIndirectInputEvents = YES;
				INFOPLIST_KEY_UILaunchStoryboardName = LaunchScreen;
				INFOPLIST_KEY_UIMainStoryboardFile = Main;
				INFOPLIST_KEY_UISupportedInterfaceOrientations_iPad = "UIInterfaceOrientationPortrait UIInterfaceOrientationPortraitUpsideDown UIInterfaceOrientationLandscapeLeft UIInterfaceOrientationLandscapeRight";
				INFOPLIST_KEY_UISupportedInterfaceOrientations_iPhone = "UIInterfaceOrientationPortrait UIInterfaceOrientationLandscapeLeft UIInterfaceOrientationLandscapeRight";
				LD_RUNPATH_SEARCH_PATHS = (
					"$(inherited)",
					"@executable_path/Frameworks",
				);
				MARKETING_VERSION = 1.0;
				PRODUCT_BUNDLE_IDENTIFIER = takata1124.SearchLibraryApp;
				PRODUCT_NAME = "$(TARGET_NAME)";
				SWIFT_EMIT_LOC_STRINGS = YES;
				SWIFT_VERSION = 5.0;
				TARGETED_DEVICE_FAMILY = "1,2";
			};
			name = Debug;
		};
		68D1C3862816F6420046D298 /* Release */ = {
			isa = XCBuildConfiguration;
			baseConfigurationReference = C7118CF48219F71EEEB839F0 /* Pods-SearchLibraryApp.release.xcconfig */;
			buildSettings = {
				ASSETCATALOG_COMPILER_APPICON_NAME = AppIcon;
				ASSETCATALOG_COMPILER_GLOBAL_ACCENT_COLOR_NAME = AccentColor;
				CODE_SIGN_STYLE = Automatic;
				CURRENT_PROJECT_VERSION = 1;
				DEVELOPMENT_TEAM = 2FZRK6M67D;
				GENERATE_INFOPLIST_FILE = YES;
				INFOPLIST_FILE = SearchLibraryApp/Info.plist;
				INFOPLIST_KEY_CFBundleDisplayName = "";
				INFOPLIST_KEY_LSApplicationCategoryType = "";
				INFOPLIST_KEY_NSCameraUsageDescription = "カメラの使用を許可します";
				INFOPLIST_KEY_NSLocationAlwaysUsageDescription = "常に許可する";
				INFOPLIST_KEY_NSLocationWhenInUseUsageDescription = "使用中のみ許可する";
				INFOPLIST_KEY_NSPhotoLibraryUsageDescription = "写真フォルダへのアクセスを許可する";
				INFOPLIST_KEY_UIApplicationSupportsIndirectInputEvents = YES;
				INFOPLIST_KEY_UILaunchStoryboardName = LaunchScreen;
				INFOPLIST_KEY_UIMainStoryboardFile = Main;
				INFOPLIST_KEY_UISupportedInterfaceOrientations_iPad = "UIInterfaceOrientationPortrait UIInterfaceOrientationPortraitUpsideDown UIInterfaceOrientationLandscapeLeft UIInterfaceOrientationLandscapeRight";
				INFOPLIST_KEY_UISupportedInterfaceOrientations_iPhone = "UIInterfaceOrientationPortrait UIInterfaceOrientationLandscapeLeft UIInterfaceOrientationLandscapeRight";
				LD_RUNPATH_SEARCH_PATHS = (
					"$(inherited)",
					"@executable_path/Frameworks",
				);
				MARKETING_VERSION = 1.0;
				PRODUCT_BUNDLE_IDENTIFIER = takata1124.SearchLibraryApp;
				PRODUCT_NAME = "$(TARGET_NAME)";
				SWIFT_EMIT_LOC_STRINGS = YES;
				SWIFT_VERSION = 5.0;
				TARGETED_DEVICE_FAMILY = "1,2";
			};
			name = Release;
		};
		68D1C3882816F6420046D298 /* Debug */ = {
			isa = XCBuildConfiguration;
			baseConfigurationReference = DA50DC14BF5308E328E1E340 /* Pods-SearchLibraryAppTests.debug.xcconfig */;
			buildSettings = {
				ALWAYS_EMBED_SWIFT_STANDARD_LIBRARIES = YES;
				BUNDLE_LOADER = "$(TEST_HOST)";
				CODE_SIGN_STYLE = Automatic;
				CURRENT_PROJECT_VERSION = 1;
				DEVELOPMENT_TEAM = 2FZRK6M67D;
				GENERATE_INFOPLIST_FILE = YES;
				IPHONEOS_DEPLOYMENT_TARGET = 15.2;
				MARKETING_VERSION = 1.0;
				PRODUCT_BUNDLE_IDENTIFIER = takata1124.SearchLibraryAppTests;
				PRODUCT_NAME = "$(TARGET_NAME)";
				SWIFT_EMIT_LOC_STRINGS = NO;
				SWIFT_VERSION = 5.0;
				TARGETED_DEVICE_FAMILY = "1,2";
				TEST_HOST = "$(BUILT_PRODUCTS_DIR)/SearchLibraryApp.app/SearchLibraryApp";
			};
			name = Debug;
		};
		68D1C3892816F6420046D298 /* Release */ = {
			isa = XCBuildConfiguration;
			baseConfigurationReference = 4A6057DC79FAF1C00C2AC8FD /* Pods-SearchLibraryAppTests.release.xcconfig */;
			buildSettings = {
				ALWAYS_EMBED_SWIFT_STANDARD_LIBRARIES = YES;
				BUNDLE_LOADER = "$(TEST_HOST)";
				CODE_SIGN_STYLE = Automatic;
				CURRENT_PROJECT_VERSION = 1;
				DEVELOPMENT_TEAM = 2FZRK6M67D;
				GENERATE_INFOPLIST_FILE = YES;
				IPHONEOS_DEPLOYMENT_TARGET = 15.2;
				MARKETING_VERSION = 1.0;
				PRODUCT_BUNDLE_IDENTIFIER = takata1124.SearchLibraryAppTests;
				PRODUCT_NAME = "$(TARGET_NAME)";
				SWIFT_EMIT_LOC_STRINGS = NO;
				SWIFT_VERSION = 5.0;
				TARGETED_DEVICE_FAMILY = "1,2";
				TEST_HOST = "$(BUILT_PRODUCTS_DIR)/SearchLibraryApp.app/SearchLibraryApp";
			};
			name = Release;
		};
		68D1C38B2816F6420046D298 /* Debug */ = {
			isa = XCBuildConfiguration;
			baseConfigurationReference = 8577D4AA9B380B32548B4261 /* Pods-SearchLibraryApp-SearchLibraryAppUITests.debug.xcconfig */;
			buildSettings = {
				ALWAYS_EMBED_SWIFT_STANDARD_LIBRARIES = YES;
				CODE_SIGN_STYLE = Automatic;
				CURRENT_PROJECT_VERSION = 1;
				DEVELOPMENT_TEAM = 2FZRK6M67D;
				GENERATE_INFOPLIST_FILE = YES;
				MARKETING_VERSION = 1.0;
				PRODUCT_BUNDLE_IDENTIFIER = takata1124.SearchLibraryAppUITests;
				PRODUCT_NAME = "$(TARGET_NAME)";
				SWIFT_EMIT_LOC_STRINGS = NO;
				SWIFT_VERSION = 5.0;
				TARGETED_DEVICE_FAMILY = "1,2";
				TEST_TARGET_NAME = SearchLibraryApp;
			};
			name = Debug;
		};
		68D1C38C2816F6420046D298 /* Release */ = {
			isa = XCBuildConfiguration;
			baseConfigurationReference = EE8DDD9421D880E4EB85A4CB /* Pods-SearchLibraryApp-SearchLibraryAppUITests.release.xcconfig */;
			buildSettings = {
				ALWAYS_EMBED_SWIFT_STANDARD_LIBRARIES = YES;
				CODE_SIGN_STYLE = Automatic;
				CURRENT_PROJECT_VERSION = 1;
				DEVELOPMENT_TEAM = 2FZRK6M67D;
				GENERATE_INFOPLIST_FILE = YES;
				MARKETING_VERSION = 1.0;
				PRODUCT_BUNDLE_IDENTIFIER = takata1124.SearchLibraryAppUITests;
				PRODUCT_NAME = "$(TARGET_NAME)";
				SWIFT_EMIT_LOC_STRINGS = NO;
				SWIFT_VERSION = 5.0;
				TARGETED_DEVICE_FAMILY = "1,2";
				TEST_TARGET_NAME = SearchLibraryApp;
			};
			name = Release;
		};
/* End XCBuildConfiguration section */

/* Begin XCConfigurationList section */
		68D1C3522816F6400046D298 /* Build configuration list for PBXProject "SearchLibraryApp" */ = {
			isa = XCConfigurationList;
			buildConfigurations = (
				68D1C3822816F6420046D298 /* Debug */,
				68D1C3832816F6420046D298 /* Release */,
			);
			defaultConfigurationIsVisible = 0;
			defaultConfigurationName = Release;
		};
		68D1C3842816F6420046D298 /* Build configuration list for PBXNativeTarget "SearchLibraryApp" */ = {
			isa = XCConfigurationList;
			buildConfigurations = (
				68D1C3852816F6420046D298 /* Debug */,
				68D1C3862816F6420046D298 /* Release */,
			);
			defaultConfigurationIsVisible = 0;
			defaultConfigurationName = Release;
		};
		68D1C3872816F6420046D298 /* Build configuration list for PBXNativeTarget "SearchLibraryAppTests" */ = {
			isa = XCConfigurationList;
			buildConfigurations = (
				68D1C3882816F6420046D298 /* Debug */,
				68D1C3892816F6420046D298 /* Release */,
			);
			defaultConfigurationIsVisible = 0;
			defaultConfigurationName = Release;
		};
		68D1C38A2816F6420046D298 /* Build configuration list for PBXNativeTarget "SearchLibraryAppUITests" */ = {
			isa = XCConfigurationList;
			buildConfigurations = (
				68D1C38B2816F6420046D298 /* Debug */,
				68D1C38C2816F6420046D298 /* Release */,
			);
			defaultConfigurationIsVisible = 0;
			defaultConfigurationName = Release;
		};
/* End XCConfigurationList section */

/* Begin XCVersionGroup section */
		68D1C3632816F6400046D298 /* SearchLibraryApp.xcdatamodeld */ = {
			isa = XCVersionGroup;
			children = (
				68D1C3642816F6400046D298 /* SearchLibraryApp.xcdatamodel */,
			);
			currentVersion = 68D1C3642816F6400046D298 /* SearchLibraryApp.xcdatamodel */;
			path = SearchLibraryApp.xcdatamodeld;
			sourceTree = "<group>";
			versionGroupType = wrapper.xcdatamodel;
		};
/* End XCVersionGroup section */
	};
	rootObject = 68D1C34F2816F6400046D298 /* Project object */;
}
